
Microsoft Visual Studio Solution File, Format Version 12.00
# Visual Studio Version 17
VisualStudioVersion = 17.14.36518.9
MinimumVisualStudioVersion = 10.0.40219.1
Project("{FAE04EC0-301F-11D3-BF4B-00C04F79EFBC}") = "无人值守地磅称重系统课程", "无人值守地磅称重系统课程\无人值守地磅称重系统课程.csproj", "{F8A77C53-1757-45F8-A505-6F67021D30B7}"
EndProject
Project("{FAE04EC0-301F-11D3-BF4B-00C04F79EFBC}") = "Company.Core", "Company.Core\Company.Core.csproj", "{0320E9DC-0D97-488A-AD05-12EF126CA7E9}"
EndProject
Project("{FAE04EC0-301F-11D3-BF4B-00C04F79EFBC}") = "Company.Hardware", "Company.Hardware\Company.Hardware.csproj", "{17FE3994-6C8D-4261-A1A6-144780200D06}"
EndProject
Project("{FAE04EC0-301F-11D3-BF4B-00C04F79EFBC}") = "Company.Sqlite", "Company.Sqlite\Company.Sqlite.csproj", "{D3164209-D3EE-4A9D-8CA1-5AAC6BD2B0C9}"
EndProject
Global
	GlobalSection(SolutionConfigurationPlatforms) = preSolution
		Debug|Any CPU = Debug|Any CPU
		Release|Any CPU = Release|Any CPU
	EndGlobalSection
	GlobalSection(ProjectConfigurationPlatforms) = postSolution
		{F8A77C53-1757-45F8-A505-6F67021D30B7}.Debug|Any CPU.ActiveCfg = Debug|Any CPU
		{F8A77C53-1757-45F8-A505-6F67021D30B7}.Debug|Any CPU.Build.0 = Debug|Any CPU
		{F8A77C53-1757-45F8-A505-6F67021D30B7}.Release|Any CPU.ActiveCfg = Release|Any CPU
		{F8A77C53-1757-45F8-A505-6F67021D30B7}.Release|Any CPU.Build.0 = Release|Any CPU
		{0320E9DC-0D97-488A-AD05-12EF126CA7E9}.Debug|Any CPU.ActiveCfg = Debug|Any CPU
		{0320E9DC-0D97-488A-AD05-12EF126CA7E9}.Debug|Any CPU.Build.0 = Debug|Any CPU
		{0320E9DC-0D97-488A-AD05-12EF126CA7E9}.Release|Any CPU.ActiveCfg = Release|Any CPU
		{0320E9DC-0D97-488A-AD05-12EF126CA7E9}.Release|Any CPU.Build.0 = Release|Any CPU
		{17FE3994-6C8D-4261-A1A6-144780200D06}.Debug|Any CPU.ActiveCfg = Debug|Any CPU
		{17FE3994-6C8D-4261-A1A6-144780200D06}.Debug|Any CPU.Build.0 = Debug|Any CPU
		{17FE3994-6C8D-4261-A1A6-144780200D06}.Release|Any CPU.ActiveCfg = Release|Any CPU
		{17FE3994-6C8D-4261-A1A6-144780200D06}.Release|Any CPU.Build.0 = Release|Any CPU
		{D3164209-D3EE-4A9D-8CA1-5AAC6BD2B0C9}.Debug|Any CPU.ActiveCfg = Debug|Any CPU
		{D3164209-D3EE-4A9D-8CA1-5AAC6BD2B0C9}.Debug|Any CPU.Build.0 = Debug|Any CPU
		{D3164209-D3EE-4A9D-8CA1-5AAC6BD2B0C9}.Release|Any CPU.ActiveCfg = Release|Any CPU
		{D3164209-D3EE-4A9D-8CA1-5AAC6BD2B0C9}.Release|Any CPU.Build.0 = Release|Any CPU
	EndGlobalSection
	GlobalSection(SolutionProperties) = preSolution
		HideSolutionNode = FALSE
	EndGlobalSection
	GlobalSection(ExtensibilityGlobals) = postSolution
		SolutionGuid = {525FB669-2433-4DAB-BF29-01DFE5B2842E}
	EndGlobalSection
EndGlobal
